
Microsoft Visual Studio Solution File, Format Version 12.00
# Visual Studio Version 17
VisualStudioVersion = 17.14.36310.24
MinimumVisualStudioVersion = 10.0.40219.1
Project("{FAE04EC0-301F-11D3-BF4B-00C04F79EFBC}") = "OVRefiner", "OVRefiner.csproj", "{D3BA2399-0BFE-4A50-B0F8-4D8F18E5016B}"
EndProject
Global
	GlobalSection(SolutionConfigurationPlatforms) = preSolution
		Debug|Any CPU = Debug|Any CPU
		Release|Any CPU = Release|Any CPU
	EndGlobalSection
	GlobalSection(ProjectConfigurationPlatforms) = postSolution
		{D3BA2399-0BFE-4A50-B0F8-4D8F18E5016B}.Debug|Any CPU.ActiveCfg = Debug|Any CPU
		{D3BA2399-0BFE-4A50-B0F8-4D8F18E5016B}.Debug|Any CPU.Build.0 = Debug|Any CPU
		{D3BA2399-0BFE-4A50-B0F8-4D8F18E5016B}.Release|Any CPU.ActiveCfg = Release|Any CPU
		{D3BA2399-0BFE-4A50-B0F8-4D8F18E5016B}.Release|Any CPU.Build.0 = Release|Any CPU
	EndGlobalSection
	GlobalSection(SolutionProperties) = preSolution
		HideSolutionNode = FALSE
	EndGlobalSection
	GlobalSection(ExtensibilityGlobals) = postSolution
		SolutionGuid = {F6DCBA3B-D26E-41C8-B97C-E5C6D3B0A831}
	EndGlobalSection
EndGlobal
